
Microsoft Visual Studio Solution File, Format Version 12.00
# Visual Studio Version 16
VisualStudioVersion = 16.0.31025.194
MinimumVisualStudioVersion = 10.0.40219.1
Project("{FAE04EC0-301F-11D3-BF4B-00C04F79EFBC}") = "iMedical", "iMedical\iMedical.csproj", "{C0CCF816-9FA5-4462-8ADA-79BB2E528DF6}"
EndProject
Global
	GlobalSection(SolutionConfigurationPlatforms) = preSolution
		Debug|Any CPU = Debug|Any CPU
		Release|Any CPU = Release|Any CPU
	EndGlobalSection
	GlobalSection(ProjectConfigurationPlatforms) = postSolution
		{C0CCF816-9FA5-4462-8ADA-79BB2E528DF6}.Debug|Any CPU.ActiveCfg = Debug|Any CPU
		{C0CCF816-9FA5-4462-8ADA-79BB2E528DF6}.Debug|Any CPU.Build.0 = Debug|Any CPU
		{C0CCF816-9FA5-4462-8ADA-79BB2E528DF6}.Release|Any CPU.ActiveCfg = Release|Any CPU
		{C0CCF816-9FA5-4462-8ADA-79BB2E528DF6}.Release|Any CPU.Build.0 = Release|Any CPU
	EndGlobalSection
	GlobalSection(SolutionProperties) = preSolution
		HideSolutionNode = FALSE
	EndGlobalSection
	GlobalSection(ExtensibilityGlobals) = postSolution
		SolutionGuid = {2A7D0E8F-A748-499A-BEF1-0057B5543518}
	EndGlobalSection
EndGlobal
