
Microsoft Visual Studio Solution File, Format Version 12.00
# Visual Studio Version 16
VisualStudioVersion = 16.0.31025.194
MinimumVisualStudioVersion = 10.0.40219.1
Project("{FAE04EC0-301F-11D3-BF4B-00C04F79EFBC}") = "iMedicalAPI", "iMedicalAPI\iMedicalAPI.csproj", "{F51A7A27-ABC0-4A1F-A0D2-E52866E44D38}"
EndProject
Global
	GlobalSection(SolutionConfigurationPlatforms) = preSolution
		Debug|Any CPU = Debug|Any CPU
		Release|Any CPU = Release|Any CPU
	EndGlobalSection
	GlobalSection(ProjectConfigurationPlatforms) = postSolution
		{F51A7A27-ABC0-4A1F-A0D2-E52866E44D38}.Debug|Any CPU.ActiveCfg = Debug|Any CPU
		{F51A7A27-ABC0-4A1F-A0D2-E52866E44D38}.Debug|Any CPU.Build.0 = Debug|Any CPU
		{F51A7A27-ABC0-4A1F-A0D2-E52866E44D38}.Release|Any CPU.ActiveCfg = Release|Any CPU
		{F51A7A27-ABC0-4A1F-A0D2-E52866E44D38}.Release|Any CPU.Build.0 = Release|Any CPU
	EndGlobalSection
	GlobalSection(SolutionProperties) = preSolution
		HideSolutionNode = FALSE
	EndGlobalSection
	GlobalSection(ExtensibilityGlobals) = postSolution
		SolutionGuid = {E5124E74-5A59-408E-B8C7-27248CBDBB09}
	EndGlobalSection
EndGlobal
