
Microsoft Visual Studio Solution File, Format Version 12.00
# Visual Studio Version 16
VisualStudioVersion = 16.0.31025.194
MinimumVisualStudioVersion = 10.0.40219.1
Project("{FAE04EC0-301F-11D3-BF4B-00C04F79EFBC}") = "iMedicalApi", "iMedicalApi\iMedicalApi.csproj", "{D5BD8DC5-26E6-4110-896D-ABDEFED158B9}"
EndProject
Global
	GlobalSection(SolutionConfigurationPlatforms) = preSolution
		Debug|Any CPU = Debug|Any CPU
		Release|Any CPU = Release|Any CPU
	EndGlobalSection
	GlobalSection(ProjectConfigurationPlatforms) = postSolution
		{D5BD8DC5-26E6-4110-896D-ABDEFED158B9}.Debug|Any CPU.ActiveCfg = Debug|Any CPU
		{D5BD8DC5-26E6-4110-896D-ABDEFED158B9}.Debug|Any CPU.Build.0 = Debug|Any CPU
		{D5BD8DC5-26E6-4110-896D-ABDEFED158B9}.Release|Any CPU.ActiveCfg = Release|Any CPU
		{D5BD8DC5-26E6-4110-896D-ABDEFED158B9}.Release|Any CPU.Build.0 = Release|Any CPU
	EndGlobalSection
	GlobalSection(SolutionProperties) = preSolution
		HideSolutionNode = FALSE
	EndGlobalSection
	GlobalSection(ExtensibilityGlobals) = postSolution
		SolutionGuid = {1B16171F-C629-4D77-8BDA-F08B84C83F3A}
	EndGlobalSection
EndGlobal
