
Microsoft Visual Studio Solution File, Format Version 12.00
# Visual Studio Version 16
VisualStudioVersion = 16.0.31025.194
MinimumVisualStudioVersion = 10.0.40219.1
Project("{FAE04EC0-301F-11D3-BF4B-00C04F79EFBC}") = "iMedicalAPI", "iMedicalAPI\iMedicalAPI.csproj", "{8B1E04D6-B837-4FDE-8EE5-A0656E3E9956}"
EndProject
Global
	GlobalSection(SolutionConfigurationPlatforms) = preSolution
		Debug|Any CPU = Debug|Any CPU
		Release|Any CPU = Release|Any CPU
	EndGlobalSection
	GlobalSection(ProjectConfigurationPlatforms) = postSolution
		{8B1E04D6-B837-4FDE-8EE5-A0656E3E9956}.Debug|Any CPU.ActiveCfg = Debug|Any CPU
		{8B1E04D6-B837-4FDE-8EE5-A0656E3E9956}.Debug|Any CPU.Build.0 = Debug|Any CPU
		{8B1E04D6-B837-4FDE-8EE5-A0656E3E9956}.Release|Any CPU.ActiveCfg = Release|Any CPU
		{8B1E04D6-B837-4FDE-8EE5-A0656E3E9956}.Release|Any CPU.Build.0 = Release|Any CPU
	EndGlobalSection
	GlobalSection(SolutionProperties) = preSolution
		HideSolutionNode = FALSE
	EndGlobalSection
	GlobalSection(ExtensibilityGlobals) = postSolution
		SolutionGuid = {F85C0556-21B2-4996-992E-2222543F7D5D}
	EndGlobalSection
EndGlobal
